<Solution>
  <Project Path="Inventario.Api/Inventario.Api.csproj" />
  <Project Path="Inventario.Core/Inventario.Core.csproj" />
  <Project Path="Inventario.Database/Inventario.Database.sqlproj" Id="c0e25b4a-b2e2-4e2e-a1ed-c4e0c77706dd">
    <Build />
    <Deploy />
  </Project>
  <Project Path="Inventario.Desktop/Inventario.Desktop.csproj" />
  <Project Path="Inventario.Infrastructure/Inventario.Infrastructure.csproj" />
  <Project Path="Inventario.IntegrationTests/Inventario.IntegrationTests.csproj" />
  <Project Path="Inventario.UnitTests/Inventario.UnitTests.csproj" />
</Solution>
